
Microsoft Visual Studio Solution File, Format Version 12.00
# Visual Studio Version 17
VisualStudioVersion = 17.1.32228.430
MinimumVisualStudioVersion = 10.0.40219.1
Project("{FAE04EC0-301F-11D3-BF4B-00C04F79EFBC}") = "StructPatterns", "StructPatterns\StructPatterns.csproj", "{5F444FE4-8E9F-4163-9520-924D68ED43DE}"
EndProject
Project("{FAE04EC0-301F-11D3-BF4B-00C04F79EFBC}") = "BridgeProject", "BridgeProject\BridgeProject.csproj", "{743ADDE7-2373-4B09-B602-34A05DEE91A8}"
EndProject
Global
	GlobalSection(SolutionConfigurationPlatforms) = preSolution
		Debug|Any CPU = Debug|Any CPU
		Release|Any CPU = Release|Any CPU
	EndGlobalSection
	GlobalSection(ProjectConfigurationPlatforms) = postSolution
		{5F444FE4-8E9F-4163-9520-924D68ED43DE}.Debug|Any CPU.ActiveCfg = Debug|Any CPU
		{5F444FE4-8E9F-4163-9520-924D68ED43DE}.Debug|Any CPU.Build.0 = Debug|Any CPU
		{5F444FE4-8E9F-4163-9520-924D68ED43DE}.Release|Any CPU.ActiveCfg = Release|Any CPU
		{5F444FE4-8E9F-4163-9520-924D68ED43DE}.Release|Any CPU.Build.0 = Release|Any CPU
		{743ADDE7-2373-4B09-B602-34A05DEE91A8}.Debug|Any CPU.ActiveCfg = Debug|Any CPU
		{743ADDE7-2373-4B09-B602-34A05DEE91A8}.Debug|Any CPU.Build.0 = Debug|Any CPU
		{743ADDE7-2373-4B09-B602-34A05DEE91A8}.Release|Any CPU.ActiveCfg = Release|Any CPU
		{743ADDE7-2373-4B09-B602-34A05DEE91A8}.Release|Any CPU.Build.0 = Release|Any CPU
	EndGlobalSection
	GlobalSection(SolutionProperties) = preSolution
		HideSolutionNode = FALSE
	EndGlobalSection
	GlobalSection(ExtensibilityGlobals) = postSolution
		SolutionGuid = {7F32D402-85EA-4BDF-BC55-12B9AF79DD23}
	EndGlobalSection
EndGlobal
